// !$*UTF8*$!
{
	archiveVersion = 1;
	classes = {
	};
	objectVersion = 48;
	objects = {

/* Begin PBXBuildFile section */
		C6E794EF1F94E15D00403881 /* AppDelegate.swift in Sources */ = {isa = PBXBuildFile; fileRef = C6E794EE1F94E15D00403881 /* AppDelegate.swift */; };
		C6E794F11F94E15D00403881 /* ViewController.swift in Sources */ = {isa = PBXBuildFile; fileRef = C6E794F01F94E15D00403881 /* ViewController.swift */; };
		C6E794F41F94E15D00403881 /* Main.storyboard in Resources */ = {isa = PBXBuildFile; fileRef = C6E794F21F94E15D00403881 /* Main.storyboard */; };
		C6E794F61F94E15D00403881 /* Assets.xcassets in Resources */ = {isa = PBXBuildFile; fileRef = C6E794F51F94E15D00403881 /* Assets.xcassets */; };
		C6E794F91F94E15D00403881 /* LaunchScreen.storyboard in Resources */ = {isa = PBXBuildFile; fileRef = C6E794F71F94E15D00403881 /* LaunchScreen.storyboard */; };
		C6E795041F94E15D00403881 /* GitTest2Tests.swift in Sources */ = {isa = PBXBuildFile; fileRef = C6E795031F94E15D00403881 /* GitTest2Tests.swift */; };
		C6E7950F1F94E15D00403881 /* GitTest2UITests.swift in Sources */ = {isa = PBXBuildFile; fileRef = C6E7950E1F94E15D00403881 /* GitTest2UITests.swift */; };
		C6E7951C1F94E4A200403881 /* AppDelegate.swift in Sources */ = {isa = PBXBuildFile; fileRef = C6E794EE1F94E15D00403881 /* AppDelegate.swift */; };
		C6E7951D1F94E4A300403881 /* AppDelegate.swift in Sources */ = {isa = PBXBuildFile; fileRef = C6E794EE1F94E15D00403881 /* AppDelegate.swift */; };
/* End PBXBuildFile section */

/* Begin PBXContainerItemProxy section */
		C6E795001F94E15D00403881 /* PBXContainerItemProxy */ = {
			isa = PBXContainerItemProxy;
			containerPortal = C6E794E31F94E15D00403881 /* Project object */;
			proxyType = 1;
			remoteGlobalIDString = C6E794EA1F94E15D00403881;
			remoteInfo = GitTest2;
		};
		C6E7950B1F94E15D00403881 /* PBXContainerItemProxy */ = {
			isa = PBXContainerItemProxy;
			containerPortal = C6E794E31F94E15D00403881 /* Project object */;
			proxyType = 1;
			remoteGlobalIDString = C6E794EA1F94E15D00403881;
			remoteInfo = GitTest2;
		};
/* End PBXContainerItemProxy section */

/* Begin PBXFileReference section */
		C6E794EB1F94E15D00403881 /* GitTest2.app */ = {isa = PBXFileReference; explicitFileType = wrapper.application; includeInIndex = 0; path = GitTest2.app; sourceTree = BUILT_PRODUCTS_DIR; };
		C6E794EE1F94E15D00403881 /* AppDelegate.swift */ = {isa = PBXFileReference; lastKnownFileType = sourcecode.swift; path = AppDelegate.swift; sourceTree = "<group>"; };
		C6E794F01F94E15D00403881 /* ViewController.swift */ = {isa = PBXFileReference; lastKnownFileType = sourcecode.swift; path = ViewController.swift; sourceTree = "<group>"; };
		C6E794F31F94E15D00403881 /* Base */ = {isa = PBXFileReference; lastKnownFileType = file.storyboard; name = Base; path = Base.lproj/Main.storyboard; sourceTree = "<group>"; };
		C6E794F51F94E15D00403881 /* Assets.xcassets */ = {isa = PBXFileReference; lastKnownFileType = folder.assetcatalog; path = Assets.xcassets; sourceTree = "<group>"; };
		C6E794F81F94E15D00403881 /* Base */ = {isa = PBXFileReference; lastKnownFileType = file.storyboard; name = Base; path = Base.lproj/LaunchScreen.storyboard; sourceTree = "<group>"; };
		C6E794FA1F94E15D00403881 /* Info.plist */ = {isa = PBXFileReference; lastKnownFileType = text.plist.xml; path = Info.plist; sourceTree = "<group>"; };
		C6E794FF1F94E15D00403881 /* GitTest2Tests.xctest */ = {isa = PBXFileReference; explicitFileType = wrapper.cfbundle; includeInIndex = 0; path = GitTest2Tests.xctest; sourceTree = BUILT_PRODUCTS_DIR; };
		C6E795031F94E15D00403881 /* GitTest2Tests.swift */ = {isa = PBXFileReference; lastKnownFileType = sourcecode.swift; path = GitTest2Tests.swift; sourceTree = "<group>"; };
		C6E795051F94E15D00403881 /* Info.plist */ = {isa = PBXFileReference; lastKnownFileType = text.plist.xml; path = Info.plist; sourceTree = "<group>"; };
		C6E7950A1F94E15D00403881 /* GitTest2UITests.xctest */ = {isa = PBXFileReference; explicitFileType = wrapper.cfbundle; includeInIndex = 0; path = GitTest2UITests.xctest; sourceTree = BUILT_PRODUCTS_DIR; };
		C6E7950E1F94E15D00403881 /* GitTest2UITests.swift */ = {isa = PBXFileReference; lastKnownFileType = sourcecode.swift; path = GitTest2UITests.swift; sourceTree = "<group>"; };
		C6E795101F94E15D00403881 /* Info.plist */ = {isa = PBXFileReference; lastKnownFileType = text.plist.xml; path = Info.plist; sourceTree = "<group>"; };
/* End PBXFileReference section */

/* Begin PBXFrameworksBuildPhase section */
		C6E794E81F94E15D00403881 /* Frameworks */ = {
			isa = PBXFrameworksBuildPhase;
			buildActionMask = 2147483647;
			files = (
			);
			runOnlyForDeploymentPostprocessing = 0;
		};
		C6E794FC1F94E15D00403881 /* Frameworks */ = {
			isa = PBXFrameworksBuildPhase;
			buildActionMask = 2147483647;
			files = (
			);
			runOnlyForDeploymentPostprocessing = 0;
		};
		C6E795071F94E15D00403881 /* Frameworks */ = {
			isa = PBXFrameworksBuildPhase;
			buildActionMask = 2147483647;
			files = (
			);
			runOnlyForDeploymentPostprocessing = 0;
		};
/* End PBXFrameworksBuildPhase section */

/* Begin PBXGroup section */
		C6E794E21F94E15D00403881 = {
			isa = PBXGroup;
			children = (
				C6E794ED1F94E15D00403881 /* GitTest2 */,
				C6E795021F94E15D00403881 /* GitTest2Tests */,
				C6E7950D1F94E15D00403881 /* GitTest2UITests */,
				C6E794EC1F94E15D00403881 /* Products */,
			);
			sourceTree = "<group>";
		};
		C6E794EC1F94E15D00403881 /* Products */ = {
			isa = PBXGroup;
			children = (
				C6E794EB1F94E15D00403881 /* GitTest2.app */,
				C6E794FF1F94E15D00403881 /* GitTest2Tests.xctest */,
				C6E7950A1F94E15D00403881 /* GitTest2UITests.xctest */,
			);
			name = Products;
			sourceTree = "<group>";
		};
		C6E794ED1F94E15D00403881 /* GitTest2 */ = {
			isa = PBXGroup;
			children = (
				C6E794EE1F94E15D00403881 /* AppDelegate.swift */,
				C6E794F01F94E15D00403881 /* ViewController.swift */,
				C6E794F21F94E15D00403881 /* Main.storyboard */,
				C6E794F51F94E15D00403881 /* Assets.xcassets */,
				C6E794F71F94E15D00403881 /* LaunchScreen.storyboard */,
				C6E794FA1F94E15D00403881 /* Info.plist */,
			);
			path = GitTest2;
			sourceTree = "<group>";
		};
		C6E795021F94E15D00403881 /* GitTest2Tests */ = {
			isa = PBXGroup;
			children = (
				C6E795031F94E15D00403881 /* GitTest2Tests.swift */,
				C6E795051F94E15D00403881 /* Info.plist */,
			);
			path = GitTest2Tests;
			sourceTree = "<group>";
		};
		C6E7950D1F94E15D00403881 /* GitTest2UITests */ = {
			isa = PBXGroup;
			children = (
				C6E7950E1F94E15D00403881 /* GitTest2UITests.swift */,
				C6E795101F94E15D00403881 /* Info.plist */,
			);
			path = GitTest2UITests;
			sourceTree = "<group>";
		};
/* End PBXGroup section */

/* Begin PBXNativeTarget section */
		C6E794EA1F94E15D00403881 /* GitTest2 */ = {
			isa = PBXNativeTarget;
			buildConfigurationList = C6E795131F94E15D00403881 /* Build configuration list for PBXNativeTarget "GitTest2" */;
			buildPhases = (
				C6E794E71F94E15D00403881 /* Sources */,
				C6E794E81F94E15D00403881 /* Frameworks */,
				C6E794E91F94E15D00403881 /* Resources */,
			);
			buildRules = (
			);
			dependencies = (
			);
			name = GitTest2;
			productName = GitTest2;
			productReference = C6E794EB1F94E15D00403881 /* GitTest2.app */;
			productType = "com.apple.product-type.application";
		};
		C6E794FE1F94E15D00403881 /* GitTest2Tests */ = {
			isa = PBXNativeTarget;
			buildConfigurationList = C6E795161F94E15D00403881 /* Build configuration list for PBXNativeTarget "GitTest2Tests" */;
			buildPhases = (
				C6E794FB1F94E15D00403881 /* Sources */,
				C6E794FC1F94E15D00403881 /* Frameworks */,
				C6E794FD1F94E15D00403881 /* Resources */,
			);
			buildRules = (
			);
			dependencies = (
				C6E795011F94E15D00403881 /* PBXTargetDependency */,
			);
			name = GitTest2Tests;
			productName = GitTest2Tests;
			productReference = C6E794FF1F94E15D00403881 /* GitTest2Tests.xctest */;
			productType = "com.apple.product-type.bundle.unit-test";
		};
		C6E795091F94E15D00403881 /* GitTest2UITests */ = {
			isa = PBXNativeTarget;
			buildConfigurationList = C6E795191F94E15D00403881 /* Build configuration list for PBXNativeTarget "GitTest2UITests" */;
			buildPhases = (
				C6E795061F94E15D00403881 /* Sources */,
				C6E795071F94E15D00403881 /* Frameworks */,
				C6E795081F94E15D00403881 /* Resources */,
			);
			buildRules = (
			);
			dependencies = (
				C6E7950C1F94E15D00403881 /* PBXTargetDependency */,
			);
			name = GitTest2UITests;
			productName = GitTest2UITests;
			productReference = C6E7950A1F94E15D00403881 /* GitTest2UITests.xctest */;
			productType = "com.apple.product-type.bundle.ui-testing";
		};
/* End PBXNativeTarget section */

/* Begin PBXProject section */
		C6E794E31F94E15D00403881 /* Project object */ = {
			isa = PBXProject;
			attributes = {
				LastSwiftUpdateCheck = 0900;
				LastUpgradeCheck = 0900;
				ORGANIZATIONNAME = git1;
				TargetAttributes = {
					C6E794EA1F94E15D00403881 = {
						CreatedOnToolsVersion = 9.0;
						ProvisioningStyle = Automatic;
					};
					C6E794FE1F94E15D00403881 = {
						CreatedOnToolsVersion = 9.0;
						ProvisioningStyle = Automatic;
						TestTargetID = C6E794EA1F94E15D00403881;
					};
					C6E795091F94E15D00403881 = {
						CreatedOnToolsVersion = 9.0;
						ProvisioningStyle = Automatic;
						TestTargetID = C6E794EA1F94E15D00403881;
					};
				};
			};
			buildConfigurationList = C6E794E61F94E15D00403881 /* Build configuration list for PBXProject "GitTest2" */;
			compatibilityVersion = "Xcode 8.0";
			developmentRegion = en;
			hasScannedForEncodings = 0;
			knownRegions = (
				en,
				Base,
			);
			mainGroup = C6E794E21F94E15D00403881;
			productRefGroup = C6E794EC1F94E15D00403881 /* Products */;
			projectDirPath = "";
			projectRoot = "";
			targets = (
				C6E794EA1F94E15D00403881 /* GitTest2 */,
				C6E794FE1F94E15D00403881 /* GitTest2Tests */,
				C6E795091F94E15D00403881 /* GitTest2UITests */,
			);
		};
/* End PBXProject section */

/* Begin PBXResourcesBuildPhase section */
		C6E794E91F94E15D00403881 /* Resources */ = {
			isa = PBXResourcesBuildPhase;
			buildActionMask = 2147483647;
			files = (
				C6E794F91F94E15D00403881 /* LaunchScreen.storyboard in Resources */,
				C6E794F61F94E15D00403881 /* Assets.xcassets in Resources */,
				C6E794F41F94E15D00403881 /* Main.storyboard in Resources */,
			);
			runOnlyForDeploymentPostprocessing = 0;
		};
		C6E794FD1F94E15D00403881 /* Resources */ = {
			isa = PBXResourcesBuildPhase;
			buildActionMask = 2147483647;
			files = (
			);
			runOnlyForDeploymentPostprocessing = 0;
		};
		C6E795081F94E15D00403881 /* Resources */ = {
			isa = PBXResourcesBuildPhase;
			buildActionMask = 2147483647;
			files = (
			);
			runOnlyForDeploymentPostprocessing = 0;
		};
/* End PBXResourcesBuildPhase section */

/* Begin PBXSourcesBuildPhase section */
		C6E794E71F94E15D00403881 /* Sources */ = {
			isa = PBXSourcesBuildPhase;
			buildActionMask = 2147483647;
			files = (
				C6E794F11F94E15D00403881 /* ViewController.swift in Sources */,
				C6E794EF1F94E15D00403881 /* AppDelegate.swift in Sources */,
			);
			runOnlyForDeploymentPostprocessing = 0;
		};
		C6E794FB1F94E15D00403881 /* Sources */ = {
			isa = PBXSourcesBuildPhase;
			buildActionMask = 2147483647;
			files = (
				C6E7951C1F94E4A200403881 /* AppDelegate.swift in Sources */,
				C6E795041F94E15D00403881 /* GitTest2Tests.swift in Sources */,
			);
			runOnlyForDeploymentPostprocessing = 0;
		};
		C6E795061F94E15D00403881 /* Sources */ = {
			isa = PBXSourcesBuildPhase;
			buildActionMask = 2147483647;
			files = (
				C6E7951D1F94E4A300403881 /* AppDelegate.swift in Sources */,
				C6E7950F1F94E15D00403881 /* GitTest2UITests.swift in Sources */,
			);
			runOnlyForDeploymentPostprocessing = 0;
		};
/* End PBXSourcesBuildPhase section */

/* Begin PBXTargetDependency section */
		C6E795011F94E15D00403881 /* PBXTargetDependency */ = {
			isa = PBXTargetDependency;
			target = C6E794EA1F94E15D00403881 /* GitTest2 */;
			targetProxy = C6E795001F94E15D00403881 /* PBXContainerItemProxy */;
		};
		C6E7950C1F94E15D00403881 /* PBXTargetDependency */ = {
			isa = PBXTargetDependency;
			target = C6E794EA1F94E15D00403881 /* GitTest2 */;
			targetProxy = C6E7950B1F94E15D00403881 /* PBXContainerItemProxy */;
		};
/* End PBXTargetDependency section */

/* Begin PBXVariantGroup section */
		C6E794F21F94E15D00403881 /* Main.storyboard */ = {
			isa = PBXVariantGroup;
			children = (
				C6E794F31F94E15D00403881 /* Base */,
			);
			name = Main.storyboard;
			sourceTree = "<group>";
		};
		C6E794F71F94E15D00403881 /* LaunchScreen.storyboard */ = {
			isa = PBXVariantGroup;
			children = (
				C6E794F81F94E15D00403881 /* Base */,
			);
			name = LaunchScreen.storyboard;
			sourceTree = "<group>";
		};
/* End PBXVariantGroup section */

/* Begin XCBuildConfiguration section */
		C6E795111F94E15D00403881 /* Debug */ = {
			isa = XCBuildConfiguration;
			buildSettings = {
				ALWAYS_SEARCH_USER_PATHS = NO;
				CLANG_ANALYZER_NONNULL = YES;
				CLANG_ANALYZER_NUMBER_OBJECT_CONVERSION = YES_AGGRESSIVE;
				CLANG_CXX_LANGUAGE_STANDARD = "gnu++14";
				CLANG_CXX_LIBRARY = "libc++";
				CLANG_ENABLE_MODULES = YES;
				CLANG_ENABLE_OBJC_ARC = YES;
				CLANG_WARN_BLOCK_CAPTURE_AUTORELEASING = YES;
				CLANG_WARN_BOOL_CONVERSION = YES;
				CLANG_WARN_COMMA = YES;
				CLANG_WARN_CONSTANT_CONVERSION = YES;
				CLANG_WARN_DIRECT_OBJC_ISA_USAGE = YES_ERROR;
				CLANG_WARN_DOCUMENTATION_COMMENTS = YES;
				CLANG_WARN_EMPTY_BODY = YES;
				CLANG_WARN_ENUM_CONVERSION = YES;
				CLANG_WARN_INFINITE_RECURSION = YES;
				CLANG_WARN_INT_CONVERSION = YES;
				CLANG_WARN_NON_LITERAL_NULL_CONVERSION = YES;
				CLANG_WARN_OBJC_LITERAL_CONVERSION = YES;
				CLANG_WARN_OBJC_ROOT_CLASS = YES_ERROR;
				CLANG_WARN_RANGE_LOOP_ANALYSIS = YES;
				CLANG_WARN_STRICT_PROTOTYPES = YES;
				CLANG_WARN_SUSPICIOUS_MOVE = YES;
				CLANG_WARN_UNGUARDED_AVAILABILITY = YES_AGGRESSIVE;
				CLANG_WARN_UNREACHABLE_CODE = YES;
				CLANG_WARN__DUPLICATE_METHOD_MATCH = YES;
				CODE_SIGN_IDENTITY = "iPhone Developer";
				COPY_PHASE_STRIP = NO;
				DEBUG_INFORMATION_FORMAT = dwarf;
				ENABLE_STRICT_OBJC_MSGSEND = YES;
				ENABLE_TESTABILITY = YES;
				GCC_C_LANGUAGE_STANDARD = gnu11;
				GCC_DYNAMIC_NO_PIC = NO;
				GCC_NO_COMMON_BLOCKS = YES;
				GCC_OPTIMIZATION_LEVEL = 0;
				GCC_PREPROCESSOR_DEFINITIONS = (
					"DEBUG=1",
					"$(inherited)",
				);
				GCC_WARN_64_TO_32_BIT_CONVERSION = YES;
				GCC_WARN_ABOUT_RETURN_TYPE = YES_ERROR;
				GCC_WARN_UNDECLARED_SELECTOR = YES;
				GCC_WARN_UNINITIALIZED_AUTOS = YES_AGGRESSIVE;
				GCC_WARN_UNUSED_FUNCTION = YES;
				GCC_WARN_UNUSED_VARIABLE = YES;
				IPHONEOS_DEPLOYMENT_TARGET = 11.0;
				MTL_ENABLE_DEBUG_INFO = YES;
				ONLY_ACTIVE_ARCH = YES;
				SDKROOT = iphoneos;
				SWIFT_ACTIVE_COMPILATION_CONDITIONS = DEBUG;
				SWIFT_OPTIMIZATION_LEVEL = "-Onone";
			};
			name = Debug;
		};
		C6E795121F94E15D00403881 /* Release */ = {
			isa = XCBuildConfiguration;
			buildSettings = {
				ALWAYS_SEARCH_USER_PATHS = NO;
				CLANG_ANALYZER_NONNULL = YES;
				CLANG_ANALYZER_NUMBER_OBJECT_CONVERSION = YES_AGGRESSIVE;
				CLANG_CXX_LANGUAGE_STANDARD = "gnu++14";
				CLANG_CXX_LIBRARY = "libc++";
				CLANG_ENABLE_MODULES = YES;
				CLANG_ENABLE_OBJC_ARC = YES;
				CLANG_WARN_BLOCK_CAPTURE_AUTORELEASING = YES;
				CLANG_WARN_BOOL_CONVERSION = YES;
				CLANG_WARN_COMMA = YES;
				CLANG_WARN_CONSTANT_CONVERSION = YES;
				CLANG_WARN_DIRECT_OBJC_ISA_USAGE = YES_ERROR;
				CLANG_WARN_DOCUMENTATION_COMMENTS = YES;
				CLANG_WARN_EMPTY_BODY = YES;
				CLANG_WARN_ENUM_CONVERSION = YES;
				CLANG_WARN_INFINITE_RECURSION = YES;
				CLANG_WARN_INT_CONVERSION = YES;
				CLANG_WARN_NON_LITERAL_NULL_CONVERSION = YES;
				CLANG_WARN_OBJC_LITERAL_CONVERSION = YES;
				CLANG_WARN_OBJC_ROOT_CLASS = YES_ERROR;
				CLANG_WARN_RANGE_LOOP_ANALYSIS = YES;
				CLANG_WARN_STRICT_PROTOTYPES = YES;
				CLANG_WARN_SUSPICIOUS_MOVE = YES;
				CLANG_WARN_UNGUARDED_AVAILABILITY = YES_AGGRESSIVE;
				CLANG_WARN_UNREACHABLE_CODE = YES;
				CLANG_WARN__DUPLICATE_METHOD_MATCH = YES;
				CODE_SIGN_IDENTITY = "iPhone Developer";
				COPY_PHASE_STRIP = NO;
				DEBUG_INFORMATION_FORMAT = "dwarf-with-dsym";
				ENABLE_NS_ASSERTIONS = NO;
				ENABLE_STRICT_OBJC_MSGSEND = YES;
				GCC_C_LANGUAGE_STANDARD = gnu11;
				GCC_NO_COMMON_BLOCKS = YES;
				GCC_WARN_64_TO_32_BIT_CONVERSION = YES;
				GCC_WARN_ABOUT_RETURN_TYPE = YES_ERROR;
				GCC_WARN_UNDECLARED_SELECTOR = YES;
				GCC_WARN_UNINITIALIZED_AUTOS = YES_AGGRESSIVE;
				GCC_WARN_UNUSED_FUNCTION = YES;
				GCC_WARN_UNUSED_VARIABLE = YES;
				IPHONEOS_DEPLOYMENT_TARGET = 11.0;
				MTL_ENABLE_DEBUG_INFO = NO;
				SDKROOT = iphoneos;
				SWIFT_OPTIMIZATION_LEVEL = "-Owholemodule";
				VALIDATE_PRODUCT = YES;
			};
			name = Release;
		};
		C6E795141F94E15D00403881 /* Debug */ = {
			isa = XCBuildConfiguration;
			buildSettings = {
				ASSETCATALOG_COMPILER_APPICON_NAME = AppIcon;
				CODE_SIGN_STYLE = Automatic;
				INFOPLIST_FILE = GitTest2/Info.plist;
				LD_RUNPATH_SEARCH_PATHS = "$(inherited) @executable_path/Frameworks";
				PRODUCT_BUNDLE_IDENTIFIER = ca.qc.cstj.GitTest2;
				PRODUCT_NAME = "$(TARGET_NAME)";
				SWIFT_VERSION = 4.0;
				TARGETED_DEVICE_FAMILY = "1,2";
			};
			name = Debug;
		};
		C6E795151F94E15D00403881 /* Release */ = {
			isa = XCBuildConfiguration;
			buildSettings = {
				ASSETCATALOG_COMPILER_APPICON_NAME = AppIcon;
				CODE_SIGN_STYLE = Automatic;
				INFOPLIST_FILE = GitTest2/Info.plist;
				LD_RUNPATH_SEARCH_PATHS = "$(inherited) @executable_path/Frameworks";
				PRODUCT_BUNDLE_IDENTIFIER = ca.qc.cstj.GitTest2;
				PRODUCT_NAME = "$(TARGET_NAME)";
				SWIFT_VERSION = 4.0;
				TARGETED_DEVICE_FAMILY = "1,2";
			};
			name = Release;
		};
		C6E795171F94E15D00403881 /* Debug */ = {
			isa = XCBuildConfiguration;
			buildSettings = {
				ALWAYS_EMBED_SWIFT_STANDARD_LIBRARIES = YES;
				BUNDLE_LOADER = "$(TEST_HOST)";
				CODE_SIGN_STYLE = Automatic;
				INFOPLIST_FILE = GitTest2Tests/Info.plist;
				LD_RUNPATH_SEARCH_PATHS = "$(inherited) @executable_path/Frameworks @loader_path/Frameworks";
				PRODUCT_BUNDLE_IDENTIFIER = ca.qc.cstj.GitTest2Tests;
				PRODUCT_NAME = "$(TARGET_NAME)";
				SWIFT_VERSION = 4.0;
				TARGETED_DEVICE_FAMILY = "1,2";
				TEST_HOST = "$(BUILT_PRODUCTS_DIR)/GitTest2.app/GitTest2";
			};
			name = Debug;
		};
		C6E795181F94E15D00403881 /* Release */ = {
			isa = XCBuildConfiguration;
			buildSettings = {
				ALWAYS_EMBED_SWIFT_STANDARD_LIBRARIES = YES;
				BUNDLE_LOADER = "$(TEST_HOST)";
				CODE_SIGN_STYLE = Automatic;
				INFOPLIST_FILE = GitTest2Tests/Info.plist;
				LD_RUNPATH_SEARCH_PATHS = "$(inherited) @executable_path/Frameworks @loader_path/Frameworks";
				PRODUCT_BUNDLE_IDENTIFIER = ca.qc.cstj.GitTest2Tests;
				PRODUCT_NAME = "$(TARGET_NAME)";
				SWIFT_VERSION = 4.0;
				TARGETED_DEVICE_FAMILY = "1,2";
				TEST_HOST = "$(BUILT_PRODUCTS_DIR)/GitTest2.app/GitTest2";
			};
			name = Release;
		};
		C6E7951A1F94E15D00403881 /* Debug */ = {
			isa = XCBuildConfiguration;
			buildSettings = {
				ALWAYS_EMBED_SWIFT_STANDARD_LIBRARIES = YES;
				CODE_SIGN_STYLE = Automatic;
				INFOPLIST_FILE = GitTest2UITests/Info.plist;
				LD_RUNPATH_SEARCH_PATHS = "$(inherited) @executable_path/Frameworks @loader_path/Frameworks";
				PRODUCT_BUNDLE_IDENTIFIER = ca.qc.cstj.GitTest2UITests;
				PRODUCT_NAME = "$(TARGET_NAME)";
				SWIFT_VERSION = 4.0;
				TARGETED_DEVICE_FAMILY = "1,2";
				TEST_TARGET_NAME = GitTest2;
			};
			name = Debug;
		};
		C6E7951B1F94E15D00403881 /* Release */ = {
			isa = XCBuildConfiguration;
			buildSettings = {
				ALWAYS_EMBED_SWIFT_STANDARD_LIBRARIES = YES;
				CODE_SIGN_STYLE = Automatic;
				INFOPLIST_FILE = GitTest2UITests/Info.plist;
				LD_RUNPATH_SEARCH_PATHS = "$(inherited) @executable_path/Frameworks @loader_path/Frameworks";
				PRODUCT_BUNDLE_IDENTIFIER = ca.qc.cstj.GitTest2UITests;
				PRODUCT_NAME = "$(TARGET_NAME)";
				SWIFT_VERSION = 4.0;
				TARGETED_DEVICE_FAMILY = "1,2";
				TEST_TARGET_NAME = GitTest2;
			};
			name = Release;
		};
/* End XCBuildConfiguration section */

/* Begin XCConfigurationList section */
		C6E794E61F94E15D00403881 /* Build configuration list for PBXProject "GitTest2" */ = {
			isa = XCConfigurationList;
			buildConfigurations = (
				C6E795111F94E15D00403881 /* Debug */,
				C6E795121F94E15D00403881 /* Release */,
			);
			defaultConfigurationIsVisible = 0;
			defaultConfigurationName = Release;
		};
		C6E795131F94E15D00403881 /* Build configuration list for PBXNativeTarget "GitTest2" */ = {
			isa = XCConfigurationList;
			buildConfigurations = (
				C6E795141F94E15D00403881 /* Debug */,
				C6E795151F94E15D00403881 /* Release */,
			);
			defaultConfigurationIsVisible = 0;
			defaultConfigurationName = Release;
		};
		C6E795161F94E15D00403881 /* Build configuration list for PBXNativeTarget "GitTest2Tests" */ = {
			isa = XCConfigurationList;
			buildConfigurations = (
				C6E795171F94E15D00403881 /* Debug */,
				C6E795181F94E15D00403881 /* Release */,
			);
			defaultConfigurationIsVisible = 0;
			defaultConfigurationName = Release;
		};
		C6E795191F94E15D00403881 /* Build configuration list for PBXNativeTarget "GitTest2UITests" */ = {
			isa = XCConfigurationList;
			buildConfigurations = (
				C6E7951A1F94E15D00403881 /* Debug */,
				C6E7951B1F94E15D00403881 /* Release */,
			);
			defaultConfigurationIsVisible = 0;
			defaultConfigurationName = Release;
		};
/* End XCConfigurationList section */
	};
	rootObject = C6E794E31F94E15D00403881 /* Project object */;
}
